{
  "name": "dottpath",
  "version": "0.0.0",
  "lockfileVersion": 2,
  "requires": true,
  "packages": {
    "": {
      "name": "dottpath",
      "version": "0.0.0",
      "license": "ISC",
      "dependencies": {
        "simpul": "^0.5.6"
      }
    },
    "node_modules/regexp-tree": {
      "version": "0.1.24",
      "resolved": "https://registry.npmjs.org/regexp-tree/-/regexp-tree-0.1.24.tgz",
      "integrity": "sha512-s2aEVuLhvnVJW6s/iPgEGK6R+/xngd2jNQ+xy4bXNDKxZKJH6jpPHY6kVeVv1IeLCHgswRj+Kl3ELaDjG6V1iw==",
      "bin": {
        "regexp-tree": "bin/regexp-tree"
      }
    },
    "node_modules/safe-regex": {
      "version": "2.1.1",
      "resolved": "https://registry.npmjs.org/safe-regex/-/safe-regex-2.1.1.tgz",
      "integrity": "sha512-rx+x8AMzKb5Q5lQ95Zoi6ZbJqwCLkqi3XuJXp5P3rT8OEc6sZCJG5AE5dU3lsgRr/F4Bs31jSlVN+j5KrsGu9A==",
      "dependencies": {
        "regexp-tree": "~0.1.1"
      }
    },
    "node_modules/simpul": {
      "version": "0.5.6",
      "resolved": "https://registry.npmjs.org/simpul/-/simpul-0.5.6.tgz",
      "integrity": "sha512-3dJdn2c858H3QjUiHExU+MSLFgkFYRsaySDSJBjCLrfTm9oIuvhHtPH1s6K5c/G/c+T1Ad/TuidcOc1ywi1jVg==",
      "dependencies": {
        "safe-regex": "^2.1.1"
      }
    }
  },
  "dependencies": {
    "regexp-tree": {
      "version": "0.1.24",
      "resolved": "https://registry.npmjs.org/regexp-tree/-/regexp-tree-0.1.24.tgz",
      "integrity": "sha512-s2aEVuLhvnVJW6s/iPgEGK6R+/xngd2jNQ+xy4bXNDKxZKJH6jpPHY6kVeVv1IeLCHgswRj+Kl3ELaDjG6V1iw=="
    },
    "safe-regex": {
      "version": "2.1.1",
      "resolved": "https://registry.npmjs.org/safe-regex/-/safe-regex-2.1.1.tgz",
      "integrity": "sha512-rx+x8AMzKb5Q5lQ95Zoi6ZbJqwCLkqi3XuJXp5P3rT8OEc6sZCJG5AE5dU3lsgRr/F4Bs31jSlVN+j5KrsGu9A==",
      "requires": {
        "regexp-tree": "~0.1.1"
      }
    },
    "simpul": {
      "version": "0.5.6",
      "resolved": "https://registry.npmjs.org/simpul/-/simpul-0.5.6.tgz",
      "integrity": "sha512-3dJdn2c858H3QjUiHExU+MSLFgkFYRsaySDSJBjCLrfTm9oIuvhHtPH1s6K5c/G/c+T1Ad/TuidcOc1ywi1jVg==",
      "requires": {
        "safe-regex": "^2.1.1"
      }
    }
  }
}
